
Microsoft Visual Studio Solution File, Format Version 12.00
# Visual Studio Version 17
VisualStudioVersion = 17.10.35122.118
MinimumVisualStudioVersion = 10.0.40219.1
Project("{9A19103F-16F7-4668-BE54-9A1E7A4F7556}") = "BulkyWeb", "BulkyWeb\BulkyWeb.csproj", "{3C4C3574-FDA2-4F8E-97EC-7EE54827EDC0}"
EndProject
Project("{FAE04EC0-301F-11D3-BF4B-00C04F79EFBC}") = "Bulky.DataAccess", "Bulky.DataAccess\Bulky.DataAccess.csproj", "{E748789F-4604-4C56-A8B6-A17FE359027D}"
EndProject
Project("{FAE04EC0-301F-11D3-BF4B-00C04F79EFBC}") = "Bulky.Models", "Bulky.Models\Bulky.Models.csproj", "{9BCDECE4-59F8-4005-9B34-E917A5E217E3}"
EndProject
Project("{FAE04EC0-301F-11D3-BF4B-00C04F79EFBC}") = "Bulky.Utility", "Bulky.Utility\Bulky.Utility.csproj", "{CAB3169B-BD3F-470A-BFD7-AF6E41E33818}"
EndProject
Global
	GlobalSection(SolutionConfigurationPlatforms) = preSolution
		Debug|Any CPU = Debug|Any CPU
		Release|Any CPU = Release|Any CPU
	EndGlobalSection
	GlobalSection(ProjectConfigurationPlatforms) = postSolution
		{3C4C3574-FDA2-4F8E-97EC-7EE54827EDC0}.Debug|Any CPU.ActiveCfg = Debug|Any CPU
		{3C4C3574-FDA2-4F8E-97EC-7EE54827EDC0}.Debug|Any CPU.Build.0 = Debug|Any CPU
		{3C4C3574-FDA2-4F8E-97EC-7EE54827EDC0}.Release|Any CPU.ActiveCfg = Release|Any CPU
		{3C4C3574-FDA2-4F8E-97EC-7EE54827EDC0}.Release|Any CPU.Build.0 = Release|Any CPU
		{E748789F-4604-4C56-A8B6-A17FE359027D}.Debug|Any CPU.ActiveCfg = Debug|Any CPU
		{E748789F-4604-4C56-A8B6-A17FE359027D}.Debug|Any CPU.Build.0 = Debug|Any CPU
		{E748789F-4604-4C56-A8B6-A17FE359027D}.Release|Any CPU.ActiveCfg = Release|Any CPU
		{E748789F-4604-4C56-A8B6-A17FE359027D}.Release|Any CPU.Build.0 = Release|Any CPU
		{9BCDECE4-59F8-4005-9B34-E917A5E217E3}.Debug|Any CPU.ActiveCfg = Debug|Any CPU
		{9BCDECE4-59F8-4005-9B34-E917A5E217E3}.Debug|Any CPU.Build.0 = Debug|Any CPU
		{9BCDECE4-59F8-4005-9B34-E917A5E217E3}.Release|Any CPU.ActiveCfg = Release|Any CPU
		{9BCDECE4-59F8-4005-9B34-E917A5E217E3}.Release|Any CPU.Build.0 = Release|Any CPU
		{CAB3169B-BD3F-470A-BFD7-AF6E41E33818}.Debug|Any CPU.ActiveCfg = Debug|Any CPU
		{CAB3169B-BD3F-470A-BFD7-AF6E41E33818}.Debug|Any CPU.Build.0 = Debug|Any CPU
		{CAB3169B-BD3F-470A-BFD7-AF6E41E33818}.Release|Any CPU.ActiveCfg = Release|Any CPU
		{CAB3169B-BD3F-470A-BFD7-AF6E41E33818}.Release|Any CPU.Build.0 = Release|Any CPU
	EndGlobalSection
	GlobalSection(SolutionProperties) = preSolution
		HideSolutionNode = FALSE
	EndGlobalSection
	GlobalSection(ExtensibilityGlobals) = postSolution
		SolutionGuid = {134C3C38-D0B6-47B4-AFF9-8E52EF15CDD4}
	EndGlobalSection
EndGlobal
